
Microsoft Visual Studio Solution File, Format Version 12.00
# Visual Studio Version 16
VisualStudioVersion = 16.0.28803.352
MinimumVisualStudioVersion = 10.0.40219.1
Project("{8BC9CEB8-8B4A-11D0-8D11-00A0C91BC942}") = "Lista", "Lista\Lista.vcxproj", "{DF4764A3-E2D4-48C3-AC15-86E5E1804D0B}"
EndProject
Global
	GlobalSection(SolutionConfigurationPlatforms) = preSolution
		Debug|x64 = Debug|x64
		Debug|x86 = Debug|x86
		Release|x64 = Release|x64
		Release|x86 = Release|x86
	EndGlobalSection
	GlobalSection(ProjectConfigurationPlatforms) = postSolution
		{DF4764A3-E2D4-48C3-AC15-86E5E1804D0B}.Debug|x64.ActiveCfg = Debug|x64
		{DF4764A3-E2D4-48C3-AC15-86E5E1804D0B}.Debug|x64.Build.0 = Debug|x64
		{DF4764A3-E2D4-48C3-AC15-86E5E1804D0B}.Debug|x86.ActiveCfg = Debug|Win32
		{DF4764A3-E2D4-48C3-AC15-86E5E1804D0B}.Debug|x86.Build.0 = Debug|Win32
		{DF4764A3-E2D4-48C3-AC15-86E5E1804D0B}.Release|x64.ActiveCfg = Release|x64
		{DF4764A3-E2D4-48C3-AC15-86E5E1804D0B}.Release|x64.Build.0 = Release|x64
		{DF4764A3-E2D4-48C3-AC15-86E5E1804D0B}.Release|x86.ActiveCfg = Release|Win32
		{DF4764A3-E2D4-48C3-AC15-86E5E1804D0B}.Release|x86.Build.0 = Release|Win32
	EndGlobalSection
	GlobalSection(SolutionProperties) = preSolution
		HideSolutionNode = FALSE
	EndGlobalSection
	GlobalSection(ExtensibilityGlobals) = postSolution
		SolutionGuid = {735C9CC7-D5AA-4197-A243-C592D7E221F7}
	EndGlobalSection
EndGlobal
