
Microsoft Visual Studio Solution File, Format Version 12.00
# Visual Studio Version 16
VisualStudioVersion = 16.0.28803.352
MinimumVisualStudioVersion = 10.0.40219.1
Project("{FAE04EC0-301F-11D3-BF4B-00C04F79EFBC}") = "Polymorphism", "Polymorphism\Polymorphism.csproj", "{43B274D3-EAAD-4927-BD83-7BDF92F779DD}"
EndProject
Global
	GlobalSection(SolutionConfigurationPlatforms) = preSolution
		Debug|Any CPU = Debug|Any CPU
		Release|Any CPU = Release|Any CPU
	EndGlobalSection
	GlobalSection(ProjectConfigurationPlatforms) = postSolution
		{43B274D3-EAAD-4927-BD83-7BDF92F779DD}.Debug|Any CPU.ActiveCfg = Debug|Any CPU
		{43B274D3-EAAD-4927-BD83-7BDF92F779DD}.Debug|Any CPU.Build.0 = Debug|Any CPU
		{43B274D3-EAAD-4927-BD83-7BDF92F779DD}.Release|Any CPU.ActiveCfg = Release|Any CPU
		{43B274D3-EAAD-4927-BD83-7BDF92F779DD}.Release|Any CPU.Build.0 = Release|Any CPU
	EndGlobalSection
	GlobalSection(SolutionProperties) = preSolution
		HideSolutionNode = FALSE
	EndGlobalSection
	GlobalSection(ExtensibilityGlobals) = postSolution
		SolutionGuid = {C5E49A67-FE9E-4F56-A7ED-0F2EE0D381F9}
	EndGlobalSection
EndGlobal
