
Microsoft Visual Studio Solution File, Format Version 12.00
# Visual Studio Version 16
VisualStudioVersion = 16.0.28803.352
MinimumVisualStudioVersion = 10.0.40219.1
Project("{FAE04EC0-301F-11D3-BF4B-00C04F79EFBC}") = "Inheritanceeee", "Inheritanceeee\Inheritanceeee.csproj", "{7E55FF54-502D-400D-B251-CB37FF66F910}"
EndProject
Global
	GlobalSection(SolutionConfigurationPlatforms) = preSolution
		Debug|Any CPU = Debug|Any CPU
		Release|Any CPU = Release|Any CPU
	EndGlobalSection
	GlobalSection(ProjectConfigurationPlatforms) = postSolution
		{7E55FF54-502D-400D-B251-CB37FF66F910}.Debug|Any CPU.ActiveCfg = Debug|Any CPU
		{7E55FF54-502D-400D-B251-CB37FF66F910}.Debug|Any CPU.Build.0 = Debug|Any CPU
		{7E55FF54-502D-400D-B251-CB37FF66F910}.Release|Any CPU.ActiveCfg = Release|Any CPU
		{7E55FF54-502D-400D-B251-CB37FF66F910}.Release|Any CPU.Build.0 = Release|Any CPU
	EndGlobalSection
	GlobalSection(SolutionProperties) = preSolution
		HideSolutionNode = FALSE
	EndGlobalSection
	GlobalSection(ExtensibilityGlobals) = postSolution
		SolutionGuid = {94C92203-94F4-432A-A2E9-9DEBE2EA0DC6}
	EndGlobalSection
EndGlobal
